
Microsoft Visual Studio Solution File, Format Version 12.00
# Visual Studio Version 17
VisualStudioVersion = 17.7.34031.279
MinimumVisualStudioVersion = 10.0.40219.1
Project("{FAE04EC0-301F-11D3-BF4B-00C04F79EFBC}") = "6. Working with numbers", "6. Working with numbers.csproj", "{CEB96E9A-FD45-4AA8-8E76-51728746CDF4}"
EndProject
Global
	GlobalSection(SolutionConfigurationPlatforms) = preSolution
		Debug|Any CPU = Debug|Any CPU
		Release|Any CPU = Release|Any CPU
	EndGlobalSection
	GlobalSection(ProjectConfigurationPlatforms) = postSolution
		{CEB96E9A-FD45-4AA8-8E76-51728746CDF4}.Debug|Any CPU.ActiveCfg = Debug|Any CPU
		{CEB96E9A-FD45-4AA8-8E76-51728746CDF4}.Debug|Any CPU.Build.0 = Debug|Any CPU
		{CEB96E9A-FD45-4AA8-8E76-51728746CDF4}.Release|Any CPU.ActiveCfg = Release|Any CPU
		{CEB96E9A-FD45-4AA8-8E76-51728746CDF4}.Release|Any CPU.Build.0 = Release|Any CPU
	EndGlobalSection
	GlobalSection(SolutionProperties) = preSolution
		HideSolutionNode = FALSE
	EndGlobalSection
	GlobalSection(ExtensibilityGlobals) = postSolution
		SolutionGuid = {7B1BFD1B-83CB-48B9-ADF2-968ED912E9DE}
	EndGlobalSection
EndGlobal
